
Microsoft Visual Studio Solution File, Format Version 12.00
# Visual Studio Version 16
VisualStudioVersion = 16.0.29326.143
MinimumVisualStudioVersion = 10.0.40219.1
Project("{2150E333-8FDC-42A3-9474-1A3956D46DE8}") = "Clean Architecture", "Clean Architecture", "{4E478A76-0DCF-4316-A4AD-7EECDCD60B0E}"
EndProject
Project("{9A19103F-16F7-4668-BE54-9A1E7A4F7556}") = "Core.Common", "v2.Common\Core.Common.csproj", "{195E02D6-26CE-43C2-9ADE-4CEC14F2666E}"
EndProject
Project("{2150E333-8FDC-42A3-9474-1A3956D46DE8}") = "Src", "Src", "{1859CCC3-9FFC-484D-8CEE-C64181F360EF}"
EndProject
Project("{2150E333-8FDC-42A3-9474-1A3956D46DE8}") = "Core", "Core", "{BC6C79FC-93AC-4767-81E9-E65406CBF840}"
EndProject
Project("{9A19103F-16F7-4668-BE54-9A1E7A4F7556}") = "Core.Application", "v2.Application\Core.Application.csproj", "{183DB252-B1B8-4181-AF1F-7B2985B3FBBD}"
EndProject
Project("{9A19103F-16F7-4668-BE54-9A1E7A4F7556}") = "Core.Domain", "v2.Domain\Core.Domain.csproj", "{32DBA28F-F13C-4EED-9F1E-E727985BF404}"
EndProject
Project("{2150E333-8FDC-42A3-9474-1A3956D46DE8}") = "Infrastructure", "Infrastructure", "{7AC8BE12-6244-4531-9EF5-2F6C3A86E4A4}"
EndProject
Project("{9A19103F-16F7-4668-BE54-9A1E7A4F7556}") = "Infrastructure", "v2.Infrastructure\Infrastructure.csproj", "{E561B572-EF1E-4AAC-B5E0-8700C2335C90}"
EndProject
Project("{9A19103F-16F7-4668-BE54-9A1E7A4F7556}") = "Persistence", "Infrastructure.Persistence\Persistence.csproj", "{5EC7D726-DEC7-494F-87EA-2438D518EAFF}"
EndProject
Project("{2150E333-8FDC-42A3-9474-1A3956D46DE8}") = "Presentation", "Presentation", "{C858D424-615B-4FEE-B40D-4AAD2E719F0F}"
EndProject
Project("{9A19103F-16F7-4668-BE54-9A1E7A4F7556}") = "WebAPI", "WebAPI\WebAPI.csproj", "{1B1F3C69-A965-4A32-94E0-DBB08E1FB964}"
EndProject
Project("{FAE04EC0-301F-11D3-BF4B-00C04F79EFBC}") = "UrsaAPI", "UrsaAPI\UrsaAPI.csproj", "{FC490A73-CBA5-4B2C-A355-2A633A5972F4}"
EndProject
Global
	GlobalSection(SolutionConfigurationPlatforms) = preSolution
		Debug|Any CPU = Debug|Any CPU
		Release|Any CPU = Release|Any CPU
	EndGlobalSection
	GlobalSection(ProjectConfigurationPlatforms) = postSolution
		{195E02D6-26CE-43C2-9ADE-4CEC14F2666E}.Debug|Any CPU.ActiveCfg = Debug|Any CPU
		{195E02D6-26CE-43C2-9ADE-4CEC14F2666E}.Debug|Any CPU.Build.0 = Debug|Any CPU
		{195E02D6-26CE-43C2-9ADE-4CEC14F2666E}.Release|Any CPU.ActiveCfg = Release|Any CPU
		{195E02D6-26CE-43C2-9ADE-4CEC14F2666E}.Release|Any CPU.Build.0 = Release|Any CPU
		{183DB252-B1B8-4181-AF1F-7B2985B3FBBD}.Debug|Any CPU.ActiveCfg = Debug|Any CPU
		{183DB252-B1B8-4181-AF1F-7B2985B3FBBD}.Debug|Any CPU.Build.0 = Debug|Any CPU
		{183DB252-B1B8-4181-AF1F-7B2985B3FBBD}.Release|Any CPU.ActiveCfg = Release|Any CPU
		{183DB252-B1B8-4181-AF1F-7B2985B3FBBD}.Release|Any CPU.Build.0 = Release|Any CPU
		{32DBA28F-F13C-4EED-9F1E-E727985BF404}.Debug|Any CPU.ActiveCfg = Debug|Any CPU
		{32DBA28F-F13C-4EED-9F1E-E727985BF404}.Debug|Any CPU.Build.0 = Debug|Any CPU
		{32DBA28F-F13C-4EED-9F1E-E727985BF404}.Release|Any CPU.ActiveCfg = Release|Any CPU
		{32DBA28F-F13C-4EED-9F1E-E727985BF404}.Release|Any CPU.Build.0 = Release|Any CPU
		{E561B572-EF1E-4AAC-B5E0-8700C2335C90}.Debug|Any CPU.ActiveCfg = Debug|Any CPU
		{E561B572-EF1E-4AAC-B5E0-8700C2335C90}.Debug|Any CPU.Build.0 = Debug|Any CPU
		{E561B572-EF1E-4AAC-B5E0-8700C2335C90}.Release|Any CPU.ActiveCfg = Release|Any CPU
		{E561B572-EF1E-4AAC-B5E0-8700C2335C90}.Release|Any CPU.Build.0 = Release|Any CPU
		{5EC7D726-DEC7-494F-87EA-2438D518EAFF}.Debug|Any CPU.ActiveCfg = Debug|Any CPU
		{5EC7D726-DEC7-494F-87EA-2438D518EAFF}.Debug|Any CPU.Build.0 = Debug|Any CPU
		{5EC7D726-DEC7-494F-87EA-2438D518EAFF}.Release|Any CPU.ActiveCfg = Release|Any CPU
		{5EC7D726-DEC7-494F-87EA-2438D518EAFF}.Release|Any CPU.Build.0 = Release|Any CPU
		{1B1F3C69-A965-4A32-94E0-DBB08E1FB964}.Debug|Any CPU.ActiveCfg = Debug|Any CPU
		{1B1F3C69-A965-4A32-94E0-DBB08E1FB964}.Debug|Any CPU.Build.0 = Debug|Any CPU
		{1B1F3C69-A965-4A32-94E0-DBB08E1FB964}.Release|Any CPU.ActiveCfg = Release|Any CPU
		{1B1F3C69-A965-4A32-94E0-DBB08E1FB964}.Release|Any CPU.Build.0 = Release|Any CPU
		{FC490A73-CBA5-4B2C-A355-2A633A5972F4}.Debug|Any CPU.ActiveCfg = Debug|Any CPU
		{FC490A73-CBA5-4B2C-A355-2A633A5972F4}.Debug|Any CPU.Build.0 = Debug|Any CPU
		{FC490A73-CBA5-4B2C-A355-2A633A5972F4}.Release|Any CPU.ActiveCfg = Release|Any CPU
		{FC490A73-CBA5-4B2C-A355-2A633A5972F4}.Release|Any CPU.Build.0 = Release|Any CPU
	EndGlobalSection
	GlobalSection(SolutionProperties) = preSolution
		HideSolutionNode = FALSE
	EndGlobalSection
	GlobalSection(NestedProjects) = preSolution
		{195E02D6-26CE-43C2-9ADE-4CEC14F2666E} = {BC6C79FC-93AC-4767-81E9-E65406CBF840}
		{1859CCC3-9FFC-484D-8CEE-C64181F360EF} = {4E478A76-0DCF-4316-A4AD-7EECDCD60B0E}
		{BC6C79FC-93AC-4767-81E9-E65406CBF840} = {1859CCC3-9FFC-484D-8CEE-C64181F360EF}
		{183DB252-B1B8-4181-AF1F-7B2985B3FBBD} = {BC6C79FC-93AC-4767-81E9-E65406CBF840}
		{32DBA28F-F13C-4EED-9F1E-E727985BF404} = {BC6C79FC-93AC-4767-81E9-E65406CBF840}
		{7AC8BE12-6244-4531-9EF5-2F6C3A86E4A4} = {1859CCC3-9FFC-484D-8CEE-C64181F360EF}
		{E561B572-EF1E-4AAC-B5E0-8700C2335C90} = {7AC8BE12-6244-4531-9EF5-2F6C3A86E4A4}
		{5EC7D726-DEC7-494F-87EA-2438D518EAFF} = {7AC8BE12-6244-4531-9EF5-2F6C3A86E4A4}
		{C858D424-615B-4FEE-B40D-4AAD2E719F0F} = {1859CCC3-9FFC-484D-8CEE-C64181F360EF}
		{1B1F3C69-A965-4A32-94E0-DBB08E1FB964} = {C858D424-615B-4FEE-B40D-4AAD2E719F0F}
		{FC490A73-CBA5-4B2C-A355-2A633A5972F4} = {C858D424-615B-4FEE-B40D-4AAD2E719F0F}
	EndGlobalSection
	GlobalSection(ExtensibilityGlobals) = postSolution
		SolutionGuid = {52A58F43-7038-4166-946E-62C5FECE69E6}
	EndGlobalSection
EndGlobal
